
Microsoft Visual Studio Solution File, Format Version 12.00
# Visual Studio 15
Project("{FAE04EC0-301F-11D3-BF4B-00C04F79EFBC}") = "sendReport", "sendReport\sendReport.csproj", "{02C5B99E-CA17-41CD-8F1D-9CD27F329094}"
EndProject
Global
	GlobalSection(SolutionConfigurationPlatforms) = preSolution
		Debug|x86 = Debug|x86
		Release|x86 = Release|x86
	EndGlobalSection
	GlobalSection(ProjectConfigurationPlatforms) = postSolution
		{02C5B99E-CA17-41CD-8F1D-9CD27F329094}.Debug|x86.ActiveCfg = Debug|x86
		{02C5B99E-CA17-41CD-8F1D-9CD27F329094}.Debug|x86.Build.0 = Debug|x86
		{02C5B99E-CA17-41CD-8F1D-9CD27F329094}.Release|x86.ActiveCfg = Release|x86
		{02C5B99E-CA17-41CD-8F1D-9CD27F329094}.Release|x86.Build.0 = Release|x86
	EndGlobalSection
EndGlobal
